
Microsoft Visual Studio Solution File, Format Version 12.00
# Visual Studio Version 17
VisualStudioVersion = 17.4.33403.182
MinimumVisualStudioVersion = 10.0.40219.1
Project("{9A19103F-16F7-4668-BE54-9A1E7A4F7556}") = "ExpenseTrackerMVCApp", "ExpenseTrackerMVCApp\ExpenseTrackerMVCApp.csproj", "{32702372-84B9-49A1-A7C1-D32E5E287BED}"
EndProject
Project("{FAE04EC0-301F-11D3-BF4B-00C04F79EFBC}") = "ExpenseTrackerTest", "ExpenseTrackerTest\ExpenseTrackerTest.csproj", "{42E0108E-6C1F-4C77-B727-AD2620BE240F}"
EndProject
Global
	GlobalSection(SolutionConfigurationPlatforms) = preSolution
		Debug|Any CPU = Debug|Any CPU
		Release|Any CPU = Release|Any CPU
	EndGlobalSection
	GlobalSection(ProjectConfigurationPlatforms) = postSolution
		{32702372-84B9-49A1-A7C1-D32E5E287BED}.Debug|Any CPU.ActiveCfg = Debug|Any CPU
		{32702372-84B9-49A1-A7C1-D32E5E287BED}.Debug|Any CPU.Build.0 = Debug|Any CPU
		{32702372-84B9-49A1-A7C1-D32E5E287BED}.Release|Any CPU.ActiveCfg = Release|Any CPU
		{32702372-84B9-49A1-A7C1-D32E5E287BED}.Release|Any CPU.Build.0 = Release|Any CPU
		{42E0108E-6C1F-4C77-B727-AD2620BE240F}.Debug|Any CPU.ActiveCfg = Debug|Any CPU
		{42E0108E-6C1F-4C77-B727-AD2620BE240F}.Debug|Any CPU.Build.0 = Debug|Any CPU
		{42E0108E-6C1F-4C77-B727-AD2620BE240F}.Release|Any CPU.ActiveCfg = Release|Any CPU
		{42E0108E-6C1F-4C77-B727-AD2620BE240F}.Release|Any CPU.Build.0 = Release|Any CPU
	EndGlobalSection
	GlobalSection(SolutionProperties) = preSolution
		HideSolutionNode = FALSE
	EndGlobalSection
	GlobalSection(ExtensibilityGlobals) = postSolution
		SolutionGuid = {7700D5E4-4E2F-4A37-AE99-3247054C9713}
	EndGlobalSection
EndGlobal
